
Microsoft Visual Studio Solution File, Format Version 11.00
# Visual Studio 2010
Project("{FAE04EC0-301F-11D3-BF4B-00C04F79EFBC}") = "WowRealmStatus", "WowRealmStatus\WowRealmStatus.csproj", "{B789B75D-FDE4-4C3F-B2E5-96CE85FA7EA0}"
EndProject
Project("{FAE04EC0-301F-11D3-BF4B-00C04F79EFBC}") = "WowCharacterInfo", "WowCharacterInfo\WowCharacterInfo.csproj", "{C65DA1DD-5098-4673-9E01-97539D98F1DD}"
EndProject
Project("{FAE04EC0-301F-11D3-BF4B-00C04F79EFBC}") = "WowGuildInfo", "WowGuildInfo\WowGuildInfo.csproj", "{C4A0C23C-2E6F-43F8-B140-370B92707425}"
EndProject
Project("{FAE04EC0-301F-11D3-BF4B-00C04F79EFBC}") = "WowDataInfo", "WowDataInfo\WowDataInfo.csproj", "{D3E166B2-0E05-45D5-A64C-0378DF4836B2}"
EndProject
Project("{FAE04EC0-301F-11D3-BF4B-00C04F79EFBC}") = "WCPAPI", "WCPAPI\WCPAPI.csproj", "{A0B6803A-3269-4FF9-AD2B-626BA3977F7E}"
EndProject
Project("{E24C65DC-7377-472B-9ABA-BC803B73C61A}") = "WowArmory", "WowArmory\", "{011FCB1F-E036-41DB-AB61-1B2A6E44F827}"
	ProjectSection(WebsiteProperties) = preProject
		TargetFrameworkMoniker = ".NETFramework,Version%3Dv4.0"
		ProjectReferences = "{A0B6803A-3269-4FF9-AD2B-626BA3977F7E}|WCPAPI.dll;"
		Debug.AspNetCompiler.VirtualPath = "/WowArmory"
		Debug.AspNetCompiler.PhysicalPath = "WowArmory\"
		Debug.AspNetCompiler.TargetPath = "PrecompiledWeb\WowArmory\"
		Debug.AspNetCompiler.Updateable = "true"
		Debug.AspNetCompiler.ForceOverwrite = "true"
		Debug.AspNetCompiler.FixedNames = "false"
		Debug.AspNetCompiler.Debug = "True"
		Release.AspNetCompiler.VirtualPath = "/WowArmory"
		Release.AspNetCompiler.PhysicalPath = "WowArmory\"
		Release.AspNetCompiler.TargetPath = "PrecompiledWeb\WowArmory\"
		Release.AspNetCompiler.Updateable = "true"
		Release.AspNetCompiler.ForceOverwrite = "true"
		Release.AspNetCompiler.FixedNames = "false"
		Release.AspNetCompiler.Debug = "False"
		VWDPort = "61654"
		DefaultWebSiteLanguage = "Visual C#"
	EndProjectSection
EndProject
Project("{FAE04EC0-301F-11D3-BF4B-00C04F79EFBC}") = "WowArenaLadder", "WowArenaLadder\WowArenaLadder.csproj", "{A2EE56CF-E47F-4515-BDA1-137EA43289FA}"
EndProject
Global
	GlobalSection(SolutionConfigurationPlatforms) = preSolution
		Debug|Any CPU = Debug|Any CPU
		Debug|Mixed Platforms = Debug|Mixed Platforms
		Debug|x86 = Debug|x86
		Release|Any CPU = Release|Any CPU
		Release|Mixed Platforms = Release|Mixed Platforms
		Release|x86 = Release|x86
	EndGlobalSection
	GlobalSection(ProjectConfigurationPlatforms) = postSolution
		{B789B75D-FDE4-4C3F-B2E5-96CE85FA7EA0}.Debug|Any CPU.ActiveCfg = Debug|x86
		{B789B75D-FDE4-4C3F-B2E5-96CE85FA7EA0}.Debug|Any CPU.Build.0 = Debug|x86
		{B789B75D-FDE4-4C3F-B2E5-96CE85FA7EA0}.Debug|Mixed Platforms.ActiveCfg = Debug|x86
		{B789B75D-FDE4-4C3F-B2E5-96CE85FA7EA0}.Debug|Mixed Platforms.Build.0 = Debug|x86
		{B789B75D-FDE4-4C3F-B2E5-96CE85FA7EA0}.Debug|x86.ActiveCfg = Debug|x86
		{B789B75D-FDE4-4C3F-B2E5-96CE85FA7EA0}.Debug|x86.Build.0 = Debug|x86
		{B789B75D-FDE4-4C3F-B2E5-96CE85FA7EA0}.Release|Any CPU.ActiveCfg = Release|x86
		{B789B75D-FDE4-4C3F-B2E5-96CE85FA7EA0}.Release|Any CPU.Build.0 = Release|x86
		{B789B75D-FDE4-4C3F-B2E5-96CE85FA7EA0}.Release|Mixed Platforms.ActiveCfg = Release|x86
		{B789B75D-FDE4-4C3F-B2E5-96CE85FA7EA0}.Release|Mixed Platforms.Build.0 = Release|x86
		{B789B75D-FDE4-4C3F-B2E5-96CE85FA7EA0}.Release|x86.ActiveCfg = Release|x86
		{B789B75D-FDE4-4C3F-B2E5-96CE85FA7EA0}.Release|x86.Build.0 = Release|x86
		{C65DA1DD-5098-4673-9E01-97539D98F1DD}.Debug|Any CPU.ActiveCfg = Debug|x86
		{C65DA1DD-5098-4673-9E01-97539D98F1DD}.Debug|Any CPU.Build.0 = Debug|x86
		{C65DA1DD-5098-4673-9E01-97539D98F1DD}.Debug|Mixed Platforms.ActiveCfg = Debug|x86
		{C65DA1DD-5098-4673-9E01-97539D98F1DD}.Debug|Mixed Platforms.Build.0 = Debug|x86
		{C65DA1DD-5098-4673-9E01-97539D98F1DD}.Debug|x86.ActiveCfg = Debug|x86
		{C65DA1DD-5098-4673-9E01-97539D98F1DD}.Debug|x86.Build.0 = Debug|x86
		{C65DA1DD-5098-4673-9E01-97539D98F1DD}.Release|Any CPU.ActiveCfg = Release|x86
		{C65DA1DD-5098-4673-9E01-97539D98F1DD}.Release|Any CPU.Build.0 = Release|x86
		{C65DA1DD-5098-4673-9E01-97539D98F1DD}.Release|Mixed Platforms.ActiveCfg = Release|x86
		{C65DA1DD-5098-4673-9E01-97539D98F1DD}.Release|Mixed Platforms.Build.0 = Release|x86
		{C65DA1DD-5098-4673-9E01-97539D98F1DD}.Release|x86.ActiveCfg = Release|x86
		{C65DA1DD-5098-4673-9E01-97539D98F1DD}.Release|x86.Build.0 = Release|x86
		{C4A0C23C-2E6F-43F8-B140-370B92707425}.Debug|Any CPU.ActiveCfg = Debug|x86
		{C4A0C23C-2E6F-43F8-B140-370B92707425}.Debug|Any CPU.Build.0 = Debug|x86
		{C4A0C23C-2E6F-43F8-B140-370B92707425}.Debug|Mixed Platforms.ActiveCfg = Debug|x86
		{C4A0C23C-2E6F-43F8-B140-370B92707425}.Debug|Mixed Platforms.Build.0 = Debug|x86
		{C4A0C23C-2E6F-43F8-B140-370B92707425}.Debug|x86.ActiveCfg = Debug|x86
		{C4A0C23C-2E6F-43F8-B140-370B92707425}.Debug|x86.Build.0 = Debug|x86
		{C4A0C23C-2E6F-43F8-B140-370B92707425}.Release|Any CPU.ActiveCfg = Release|x86
		{C4A0C23C-2E6F-43F8-B140-370B92707425}.Release|Any CPU.Build.0 = Release|x86
		{C4A0C23C-2E6F-43F8-B140-370B92707425}.Release|Mixed Platforms.ActiveCfg = Release|x86
		{C4A0C23C-2E6F-43F8-B140-370B92707425}.Release|Mixed Platforms.Build.0 = Release|x86
		{C4A0C23C-2E6F-43F8-B140-370B92707425}.Release|x86.ActiveCfg = Release|x86
		{C4A0C23C-2E6F-43F8-B140-370B92707425}.Release|x86.Build.0 = Release|x86
		{D3E166B2-0E05-45D5-A64C-0378DF4836B2}.Debug|Any CPU.ActiveCfg = Debug|x86
		{D3E166B2-0E05-45D5-A64C-0378DF4836B2}.Debug|Any CPU.Build.0 = Debug|x86
		{D3E166B2-0E05-45D5-A64C-0378DF4836B2}.Debug|Mixed Platforms.ActiveCfg = Debug|x86
		{D3E166B2-0E05-45D5-A64C-0378DF4836B2}.Debug|Mixed Platforms.Build.0 = Debug|x86
		{D3E166B2-0E05-45D5-A64C-0378DF4836B2}.Debug|x86.ActiveCfg = Debug|x86
		{D3E166B2-0E05-45D5-A64C-0378DF4836B2}.Debug|x86.Build.0 = Debug|x86
		{D3E166B2-0E05-45D5-A64C-0378DF4836B2}.Release|Any CPU.ActiveCfg = Release|x86
		{D3E166B2-0E05-45D5-A64C-0378DF4836B2}.Release|Any CPU.Build.0 = Release|x86
		{D3E166B2-0E05-45D5-A64C-0378DF4836B2}.Release|Mixed Platforms.ActiveCfg = Release|x86
		{D3E166B2-0E05-45D5-A64C-0378DF4836B2}.Release|Mixed Platforms.Build.0 = Release|x86
		{D3E166B2-0E05-45D5-A64C-0378DF4836B2}.Release|x86.ActiveCfg = Release|x86
		{D3E166B2-0E05-45D5-A64C-0378DF4836B2}.Release|x86.Build.0 = Release|x86
		{A0B6803A-3269-4FF9-AD2B-626BA3977F7E}.Debug|Any CPU.ActiveCfg = Debug|Any CPU
		{A0B6803A-3269-4FF9-AD2B-626BA3977F7E}.Debug|Any CPU.Build.0 = Debug|Any CPU
		{A0B6803A-3269-4FF9-AD2B-626BA3977F7E}.Debug|Mixed Platforms.ActiveCfg = Debug|Any CPU
		{A0B6803A-3269-4FF9-AD2B-626BA3977F7E}.Debug|Mixed Platforms.Build.0 = Debug|Any CPU
		{A0B6803A-3269-4FF9-AD2B-626BA3977F7E}.Debug|x86.ActiveCfg = Debug|Any CPU
		{A0B6803A-3269-4FF9-AD2B-626BA3977F7E}.Debug|x86.Build.0 = Debug|Any CPU
		{A0B6803A-3269-4FF9-AD2B-626BA3977F7E}.Release|Any CPU.ActiveCfg = Release|Any CPU
		{A0B6803A-3269-4FF9-AD2B-626BA3977F7E}.Release|Any CPU.Build.0 = Release|Any CPU
		{A0B6803A-3269-4FF9-AD2B-626BA3977F7E}.Release|Mixed Platforms.ActiveCfg = Release|Any CPU
		{A0B6803A-3269-4FF9-AD2B-626BA3977F7E}.Release|Mixed Platforms.Build.0 = Release|Any CPU
		{A0B6803A-3269-4FF9-AD2B-626BA3977F7E}.Release|x86.ActiveCfg = Release|Any CPU
		{A0B6803A-3269-4FF9-AD2B-626BA3977F7E}.Release|x86.Build.0 = Release|Any CPU
		{011FCB1F-E036-41DB-AB61-1B2A6E44F827}.Debug|Any CPU.ActiveCfg = Debug|Any CPU
		{011FCB1F-E036-41DB-AB61-1B2A6E44F827}.Debug|Any CPU.Build.0 = Debug|Any CPU
		{011FCB1F-E036-41DB-AB61-1B2A6E44F827}.Debug|Mixed Platforms.ActiveCfg = Debug|Any CPU
		{011FCB1F-E036-41DB-AB61-1B2A6E44F827}.Debug|Mixed Platforms.Build.0 = Debug|Any CPU
		{011FCB1F-E036-41DB-AB61-1B2A6E44F827}.Debug|x86.ActiveCfg = Debug|Any CPU
		{011FCB1F-E036-41DB-AB61-1B2A6E44F827}.Debug|x86.Build.0 = Debug|Any CPU
		{011FCB1F-E036-41DB-AB61-1B2A6E44F827}.Release|Any CPU.ActiveCfg = Debug|Any CPU
		{011FCB1F-E036-41DB-AB61-1B2A6E44F827}.Release|Any CPU.Build.0 = Debug|Any CPU
		{011FCB1F-E036-41DB-AB61-1B2A6E44F827}.Release|Mixed Platforms.ActiveCfg = Debug|Any CPU
		{011FCB1F-E036-41DB-AB61-1B2A6E44F827}.Release|Mixed Platforms.Build.0 = Debug|Any CPU
		{011FCB1F-E036-41DB-AB61-1B2A6E44F827}.Release|x86.ActiveCfg = Debug|Any CPU
		{011FCB1F-E036-41DB-AB61-1B2A6E44F827}.Release|x86.Build.0 = Debug|Any CPU
		{A2EE56CF-E47F-4515-BDA1-137EA43289FA}.Debug|Any CPU.ActiveCfg = Debug|x86
		{A2EE56CF-E47F-4515-BDA1-137EA43289FA}.Debug|Mixed Platforms.ActiveCfg = Debug|x86
		{A2EE56CF-E47F-4515-BDA1-137EA43289FA}.Debug|Mixed Platforms.Build.0 = Debug|x86
		{A2EE56CF-E47F-4515-BDA1-137EA43289FA}.Debug|x86.ActiveCfg = Debug|x86
		{A2EE56CF-E47F-4515-BDA1-137EA43289FA}.Debug|x86.Build.0 = Debug|x86
		{A2EE56CF-E47F-4515-BDA1-137EA43289FA}.Release|Any CPU.ActiveCfg = Release|x86
		{A2EE56CF-E47F-4515-BDA1-137EA43289FA}.Release|Mixed Platforms.ActiveCfg = Release|x86
		{A2EE56CF-E47F-4515-BDA1-137EA43289FA}.Release|Mixed Platforms.Build.0 = Release|x86
		{A2EE56CF-E47F-4515-BDA1-137EA43289FA}.Release|x86.ActiveCfg = Release|x86
		{A2EE56CF-E47F-4515-BDA1-137EA43289FA}.Release|x86.Build.0 = Release|x86
	EndGlobalSection
	GlobalSection(SolutionProperties) = preSolution
		HideSolutionNode = FALSE
	EndGlobalSection
EndGlobal
